
Microsoft Visual Studio Solution File, Format Version 12.00
Project("{FAE04EC0-301F-11D3-BF4B-00C04F79EFBC}") = "WebApi", "WebApi\WebApi.csproj", "{D517887A-09A0-4642-9332-C7B6E9A92F40}"
EndProject
Global
	GlobalSection(SolutionConfigurationPlatforms) = preSolution
		Debug|Any CPU = Debug|Any CPU
		Release|Any CPU = Release|Any CPU
	EndGlobalSection
	GlobalSection(ProjectConfigurationPlatforms) = postSolution
		{D517887A-09A0-4642-9332-C7B6E9A92F40}.Debug|Any CPU.ActiveCfg = Debug|Any CPU
		{D517887A-09A0-4642-9332-C7B6E9A92F40}.Debug|Any CPU.Build.0 = Debug|Any CPU
		{D517887A-09A0-4642-9332-C7B6E9A92F40}.Release|Any CPU.ActiveCfg = Release|Any CPU
		{D517887A-09A0-4642-9332-C7B6E9A92F40}.Release|Any CPU.Build.0 = Release|Any CPU
	EndGlobalSection
EndGlobal
